
Microsoft Visual Studio Solution File, Format Version 12.00
# Visual Studio Version 17
VisualStudioVersion = 17.4.33213.308
MinimumVisualStudioVersion = 10.0.40219.1
Project("{9A19103F-16F7-4668-BE54-9A1E7A4F7556}") = "Pronia", "Pronia\Pronia.csproj", "{DFEB5446-8612-44E9-BD34-990EF527BFFA}"
EndProject
Global
	GlobalSection(SolutionConfigurationPlatforms) = preSolution
		Debug|Any CPU = Debug|Any CPU
		Release|Any CPU = Release|Any CPU
	EndGlobalSection
	GlobalSection(ProjectConfigurationPlatforms) = postSolution
		{DFEB5446-8612-44E9-BD34-990EF527BFFA}.Debug|Any CPU.ActiveCfg = Debug|Any CPU
		{DFEB5446-8612-44E9-BD34-990EF527BFFA}.Debug|Any CPU.Build.0 = Debug|Any CPU
		{DFEB5446-8612-44E9-BD34-990EF527BFFA}.Release|Any CPU.ActiveCfg = Release|Any CPU
		{DFEB5446-8612-44E9-BD34-990EF527BFFA}.Release|Any CPU.Build.0 = Release|Any CPU
	EndGlobalSection
	GlobalSection(SolutionProperties) = preSolution
		HideSolutionNode = FALSE
	EndGlobalSection
	GlobalSection(ExtensibilityGlobals) = postSolution
		SolutionGuid = {CD666F57-92A1-4E7A-AAF8-6E13A537D6E8}
	EndGlobalSection
EndGlobal
